# This file is autogenerated, do not edit; changes may be undone by the next 'dep ensure'.


[[projects]]
  branch = "master"
  digest = "1:eed1efee98f5d335e09757758cb86542df2b9f99be0b95e030963eeb0b192639"
  name = "github.com/donovanhide/eventsource"
  packages = ["."]
  pruneopts = "UT"
  revision = "3ed64d21fb0b6bd8b49bcfec08f3004daee8723d"

[[projects]]
  digest = "1:19c3d5be42d5d503b94650e45bb2a01264bb36caff20f708e9cf67a6683b4c04"
  name = "github.com/golang/protobuf"
  packages = [
    "jsonpb",
    "proto",
    "protoc-gen-go/descriptor",
    "ptypes/any",
    "ptypes/struct",
  ]
  pruneopts = "UT"
  revision = "bbd03ef6da3a115852eaf24c8a1c46aeb39aa175"

[[projects]]
  digest = "1:983bdae4397d2a7c88316865e7de6b76bbedd8c33342004931829eba0975d9ed"
  name = "github.com/grpc-ecosystem/grpc-gateway"
  packages = [
    "runtime",
    "runtime/internal",
    "utilities",
  ]
  pruneopts = "UT"
  revision = "f2862b476edcef83412c7af8687c9cd8e4097c0f"

[[projects]]
  digest = "1:a2cff208d4759f6ba1b1cd228587b0a1869f95f22542ec9cd17fff64430113c7"
  name = "github.com/jessevdk/go-flags"
  packages = ["."]
  pruneopts = "UT"
  revision = "c6ca198ec95c841fdb89fc0de7496fed11ab854e"
  version = "v1.4.0"

[[projects]]
  digest = "1:f57313e3a5ad276ee58d068ce6e643a014ef934535426f70f9f8129e43ce8074"
  name = "github.com/lightningnetwork/lnd"
  packages = ["lnrpc"]
  pruneopts = "UT"
  revision = "73af09a06ae9cd5ba92a376e8253ae5450fe09cc"
  version = "v0.5-beta-rc1"

[[projects]]
  digest = "1:3cafc6a5a1b8269605d9df4c6956d43d8011fc57f266ca6b9d04da6c09dee548"
  name = "github.com/mattn/go-sqlite3"
  packages = ["."]
  pruneopts = "UT"
  revision = "25ecb14adfc7543176f7d85291ec7dba82c6f7e4"
  version = "v1.9.0"

[[projects]]
  digest = "1:5b3b29ce0e569f62935d9541dff2e16cc09df981ebde48e82259076a73a3d0c7"
  name = "github.com/op/go-logging"
  packages = ["."]
  pruneopts = "UT"
  revision = "b2cb9fa56473e98db8caba80237377e83fe44db5"
  version = "v1"

[[projects]]
  digest = "1:b24d38b282bacf9791408a080f606370efa3d364e4b5fd9ba0f7b87786d3b679"
  name = "github.com/urfave/cli"
  packages = ["."]
  pruneopts = "UT"
  revision = "cfb38830724cc34fedffe9a2a29fb54fa9169cd1"
  version = "v1.20.0"

[[projects]]
  digest = "1:279284b3cc1429d8ea79402792b17c5dbfadd583ec4963db69f0368762f89be4"
  name = "golang.org/x/net"
  packages = [
    "context",
    "http2",
    "http2/hpack",
    "idna",
    "internal/timeseries",
    "lex/httplex",
    "trace",
  ]
  pruneopts = "UT"
  revision = "ae89d30ce0c63142b652837da33d782e2b0a9b25"

[[projects]]
  digest = "1:a2ab62866c75542dd18d2b069fec854577a20211d7c0ea6ae746072a1dccdd18"
  name = "golang.org/x/text"
  packages = [
    "collate",
    "collate/build",
    "internal/colltab",
    "internal/gen",
    "internal/tag",
    "internal/triegen",
    "internal/ucd",
    "language",
    "secure/bidirule",
    "transform",
    "unicode/bidi",
    "unicode/cldr",
    "unicode/norm",
    "unicode/rangetable",
  ]
  pruneopts = "UT"
  revision = "f21a4dfb5e38f5895301dc265a8def02365cc3d0"
  version = "v0.3.0"

[[projects]]
  digest = "1:c2dee8dbcc504d1a7858f5dbaed7c8b256c512c5e9e81480158c30185bbd2792"
  name = "google.golang.org/genproto"
  packages = [
    "googleapis/api/annotations",
    "googleapis/rpc/status",
  ]
  pruneopts = "UT"
  revision = "df60624c1e9b9d2973e889c7a1cff73155da81c4"

[[projects]]
  digest = "1:8d9ccf0a790b530f94357a5d27e9c86fb53e862b6e0f9133c792269c0b567218"
  name = "google.golang.org/grpc"
  packages = [
    ".",
    "codes",
    "connectivity",
    "credentials",
    "grpclb/grpc_lb_v1",
    "grpclog",
    "internal",
    "keepalive",
    "metadata",
    "naming",
    "peer",
    "stats",
    "status",
    "tap",
    "transport",
  ]
  pruneopts = "UT"
  revision = "b3ddf786825de56a4178401b7e174ee332173b66"

[[projects]]
  digest = "1:be8d49b32733c83fafd4b8480400857e1964ddbba224b9c9e861f562b75b71aa"
  name = "gopkg.in/gographics/imagick.v2"
  packages = [
    "imagick",
    "imagick/types",
  ]
  pruneopts = "UT"
  revision = "589a8ef16fd4f08a29ad26afe5c33fb5673e4efc"
  version = "v2.5.0"

[solve-meta]
  analyzer-name = "dep"
  analyzer-version = 1
  input-imports = [
    "github.com/donovanhide/eventsource",
    "github.com/jessevdk/go-flags",
    "github.com/lightningnetwork/lnd/lnrpc",
    "github.com/mattn/go-sqlite3",
    "github.com/op/go-logging",
    "github.com/urfave/cli",
    "google.golang.org/grpc",
    "google.golang.org/grpc/credentials",
    "google.golang.org/grpc/metadata",
    "gopkg.in/gographics/imagick.v2/imagick",
  ]
  solver-name = "gps-cdcl"
  solver-version = 1
